
Microsoft Visual Studio Solution File, Format Version 12.00
# Visual Studio Version 16
VisualStudioVersion = 16.0.30907.101
MinimumVisualStudioVersion = 10.0.40219.1
Project("{FAE04EC0-301F-11D3-BF4B-00C04F79EFBC}") = "Monday_p", "Monday_p\Monday_p.csproj", "{8A206361-D63C-4DF3-9777-4AEF0CA31860}"
EndProject
Global
	GlobalSection(SolutionConfigurationPlatforms) = preSolution
		Debug|Any CPU = Debug|Any CPU
		Release|Any CPU = Release|Any CPU
	EndGlobalSection
	GlobalSection(ProjectConfigurationPlatforms) = postSolution
		{8A206361-D63C-4DF3-9777-4AEF0CA31860}.Debug|Any CPU.ActiveCfg = Debug|Any CPU
		{8A206361-D63C-4DF3-9777-4AEF0CA31860}.Debug|Any CPU.Build.0 = Debug|Any CPU
		{8A206361-D63C-4DF3-9777-4AEF0CA31860}.Release|Any CPU.ActiveCfg = Release|Any CPU
		{8A206361-D63C-4DF3-9777-4AEF0CA31860}.Release|Any CPU.Build.0 = Release|Any CPU
	EndGlobalSection
	GlobalSection(SolutionProperties) = preSolution
		HideSolutionNode = FALSE
	EndGlobalSection
	GlobalSection(ExtensibilityGlobals) = postSolution
		SolutionGuid = {606587B4-922C-4C89-9393-AB30C927C2D4}
	EndGlobalSection
EndGlobal
